
Microsoft Visual Studio Solution File, Format Version 12.00
Project("{FAE04EC0-301F-11D3-BF4B-00C04F79EFBC}") = "Client", "Client\Client.csproj", "{2876E125-0E06-4AC4-B477-E1EB4A17769B}"
EndProject
Global
	GlobalSection(SolutionConfigurationPlatforms) = preSolution
		Debug|Any CPU = Debug|Any CPU
		Release|Any CPU = Release|Any CPU
	EndGlobalSection
	GlobalSection(ProjectConfigurationPlatforms) = postSolution
		{2876E125-0E06-4AC4-B477-E1EB4A17769B}.Debug|Any CPU.ActiveCfg = Debug|Any CPU
		{2876E125-0E06-4AC4-B477-E1EB4A17769B}.Debug|Any CPU.Build.0 = Debug|Any CPU
		{2876E125-0E06-4AC4-B477-E1EB4A17769B}.Release|Any CPU.ActiveCfg = Release|Any CPU
		{2876E125-0E06-4AC4-B477-E1EB4A17769B}.Release|Any CPU.Build.0 = Release|Any CPU
	EndGlobalSection
EndGlobal
